
Microsoft Visual Studio Solution File, Format Version 12.00
# Visual Studio Version 16
VisualStudioVersion = 16.0.30002.166
MinimumVisualStudioVersion = 10.0.40219.1
Project("{FAE04EC0-301F-11D3-BF4B-00C04F79EFBC}") = "Cwiczenia6", "Cwiczenia6.csproj", "{E43746B2-B712-4858-AE9F-FAAA32FBEC12}"
EndProject
Global
	GlobalSection(SolutionConfigurationPlatforms) = preSolution
		Debug|Any CPU = Debug|Any CPU
		Release|Any CPU = Release|Any CPU
	EndGlobalSection
	GlobalSection(ProjectConfigurationPlatforms) = postSolution
		{E43746B2-B712-4858-AE9F-FAAA32FBEC12}.Debug|Any CPU.ActiveCfg = Debug|Any CPU
		{E43746B2-B712-4858-AE9F-FAAA32FBEC12}.Debug|Any CPU.Build.0 = Debug|Any CPU
		{E43746B2-B712-4858-AE9F-FAAA32FBEC12}.Release|Any CPU.ActiveCfg = Release|Any CPU
		{E43746B2-B712-4858-AE9F-FAAA32FBEC12}.Release|Any CPU.Build.0 = Release|Any CPU
	EndGlobalSection
	GlobalSection(SolutionProperties) = preSolution
		HideSolutionNode = FALSE
	EndGlobalSection
	GlobalSection(ExtensibilityGlobals) = postSolution
		SolutionGuid = {0657391E-A831-4F5D-BFBA-B3BE4011683F}
	EndGlobalSection
EndGlobal
