
Microsoft Visual Studio Solution File, Format Version 12.00
# Visual Studio Version 16
VisualStudioVersion = 16.0.30002.166
MinimumVisualStudioVersion = 10.0.40219.1
Project("{FAE04EC0-301F-11D3-BF4B-00C04F79EFBC}") = "Przyklady", "Przyklady.csproj", "{C5631374-9C0B-4301-A32B-4BDAB8228F43}"
EndProject
Global
	GlobalSection(SolutionConfigurationPlatforms) = preSolution
		Debug|Any CPU = Debug|Any CPU
		Release|Any CPU = Release|Any CPU
	EndGlobalSection
	GlobalSection(ProjectConfigurationPlatforms) = postSolution
		{C5631374-9C0B-4301-A32B-4BDAB8228F43}.Debug|Any CPU.ActiveCfg = Debug|Any CPU
		{C5631374-9C0B-4301-A32B-4BDAB8228F43}.Debug|Any CPU.Build.0 = Debug|Any CPU
		{C5631374-9C0B-4301-A32B-4BDAB8228F43}.Release|Any CPU.ActiveCfg = Release|Any CPU
		{C5631374-9C0B-4301-A32B-4BDAB8228F43}.Release|Any CPU.Build.0 = Release|Any CPU
	EndGlobalSection
	GlobalSection(SolutionProperties) = preSolution
		HideSolutionNode = FALSE
	EndGlobalSection
	GlobalSection(ExtensibilityGlobals) = postSolution
		SolutionGuid = {510F079B-B8A5-4F42-A0FD-2C4679987623}
	EndGlobalSection
EndGlobal
