
Microsoft Visual Studio Solution File, Format Version 12.00
# Visual Studio Version 16
VisualStudioVersion = 16.0.30002.166
MinimumVisualStudioVersion = 10.0.40219.1
Project("{FAE04EC0-301F-11D3-BF4B-00C04F79EFBC}") = "Zadanie3", "Zadanie3.csproj", "{894474B5-6A0D-4B8A-A20B-C9A9488012A5}"
EndProject
Global
	GlobalSection(SolutionConfigurationPlatforms) = preSolution
		Debug|Any CPU = Debug|Any CPU
		Release|Any CPU = Release|Any CPU
	EndGlobalSection
	GlobalSection(ProjectConfigurationPlatforms) = postSolution
		{894474B5-6A0D-4B8A-A20B-C9A9488012A5}.Debug|Any CPU.ActiveCfg = Debug|Any CPU
		{894474B5-6A0D-4B8A-A20B-C9A9488012A5}.Debug|Any CPU.Build.0 = Debug|Any CPU
		{894474B5-6A0D-4B8A-A20B-C9A9488012A5}.Release|Any CPU.ActiveCfg = Release|Any CPU
		{894474B5-6A0D-4B8A-A20B-C9A9488012A5}.Release|Any CPU.Build.0 = Release|Any CPU
	EndGlobalSection
	GlobalSection(SolutionProperties) = preSolution
		HideSolutionNode = FALSE
	EndGlobalSection
	GlobalSection(ExtensibilityGlobals) = postSolution
		SolutionGuid = {1AE38159-04D1-4E23-A321-ADEB453ECAB6}
	EndGlobalSection
EndGlobal
