
Microsoft Visual Studio Solution File, Format Version 12.00
# Visual Studio Version 16
VisualStudioVersion = 16.0.30002.166
MinimumVisualStudioVersion = 10.0.40219.1
Project("{FAE04EC0-301F-11D3-BF4B-00C04F79EFBC}") = "PracaDomowa3", "PracaDomowa3.csproj", "{D8363F17-E40B-464E-95D6-EA0355B7D60E}"
EndProject
Global
	GlobalSection(SolutionConfigurationPlatforms) = preSolution
		Debug|Any CPU = Debug|Any CPU
		Release|Any CPU = Release|Any CPU
	EndGlobalSection
	GlobalSection(ProjectConfigurationPlatforms) = postSolution
		{D8363F17-E40B-464E-95D6-EA0355B7D60E}.Debug|Any CPU.ActiveCfg = Debug|Any CPU
		{D8363F17-E40B-464E-95D6-EA0355B7D60E}.Debug|Any CPU.Build.0 = Debug|Any CPU
		{D8363F17-E40B-464E-95D6-EA0355B7D60E}.Release|Any CPU.ActiveCfg = Release|Any CPU
		{D8363F17-E40B-464E-95D6-EA0355B7D60E}.Release|Any CPU.Build.0 = Release|Any CPU
	EndGlobalSection
	GlobalSection(SolutionProperties) = preSolution
		HideSolutionNode = FALSE
	EndGlobalSection
	GlobalSection(ExtensibilityGlobals) = postSolution
		SolutionGuid = {177E09A5-F104-4BB0-BFC1-0868B73101CC}
	EndGlobalSection
EndGlobal
