
Microsoft Visual Studio Solution File, Format Version 12.00
# Visual Studio Version 16
VisualStudioVersion = 16.0.30002.166
MinimumVisualStudioVersion = 10.0.40219.1
Project("{FAE04EC0-301F-11D3-BF4B-00C04F79EFBC}") = "Zadanie5_9", "Zadanie5_9.csproj", "{1B25865B-443A-4524-9931-A89E2BA8FD3C}"
EndProject
Global
	GlobalSection(SolutionConfigurationPlatforms) = preSolution
		Debug|Any CPU = Debug|Any CPU
		Release|Any CPU = Release|Any CPU
	EndGlobalSection
	GlobalSection(ProjectConfigurationPlatforms) = postSolution
		{1B25865B-443A-4524-9931-A89E2BA8FD3C}.Debug|Any CPU.ActiveCfg = Debug|Any CPU
		{1B25865B-443A-4524-9931-A89E2BA8FD3C}.Debug|Any CPU.Build.0 = Debug|Any CPU
		{1B25865B-443A-4524-9931-A89E2BA8FD3C}.Release|Any CPU.ActiveCfg = Release|Any CPU
		{1B25865B-443A-4524-9931-A89E2BA8FD3C}.Release|Any CPU.Build.0 = Release|Any CPU
	EndGlobalSection
	GlobalSection(SolutionProperties) = preSolution
		HideSolutionNode = FALSE
	EndGlobalSection
	GlobalSection(ExtensibilityGlobals) = postSolution
		SolutionGuid = {0BF5FAA1-4DDF-48B6-A8F3-3BB5ADD5CC7D}
	EndGlobalSection
EndGlobal
