
Microsoft Visual Studio Solution File, Format Version 12.00
# Visual Studio Version 16
VisualStudioVersion = 16.0.30002.166
MinimumVisualStudioVersion = 10.0.40219.1
Project("{FAE04EC0-301F-11D3-BF4B-00C04F79EFBC}") = "Zadanie2", "Zadanie2.csproj", "{4F8F1A8C-F9F6-456D-9B86-70DBEB5EA8EF}"
EndProject
Global
	GlobalSection(SolutionConfigurationPlatforms) = preSolution
		Debug|Any CPU = Debug|Any CPU
		Release|Any CPU = Release|Any CPU
	EndGlobalSection
	GlobalSection(ProjectConfigurationPlatforms) = postSolution
		{4F8F1A8C-F9F6-456D-9B86-70DBEB5EA8EF}.Debug|Any CPU.ActiveCfg = Debug|Any CPU
		{4F8F1A8C-F9F6-456D-9B86-70DBEB5EA8EF}.Debug|Any CPU.Build.0 = Debug|Any CPU
		{4F8F1A8C-F9F6-456D-9B86-70DBEB5EA8EF}.Release|Any CPU.ActiveCfg = Release|Any CPU
		{4F8F1A8C-F9F6-456D-9B86-70DBEB5EA8EF}.Release|Any CPU.Build.0 = Release|Any CPU
	EndGlobalSection
	GlobalSection(SolutionProperties) = preSolution
		HideSolutionNode = FALSE
	EndGlobalSection
	GlobalSection(ExtensibilityGlobals) = postSolution
		SolutionGuid = {1A2DF2CF-6E73-4CA4-8FD6-ED8429F7D84E}
	EndGlobalSection
EndGlobal
