
Microsoft Visual Studio Solution File, Format Version 12.00
# Visual Studio Version 16
VisualStudioVersion = 16.0.30002.166
MinimumVisualStudioVersion = 10.0.40219.1
Project("{FAE04EC0-301F-11D3-BF4B-00C04F79EFBC}") = "Zadanie1", "Zadanie1.csproj", "{EBF7BBF9-0C9E-46B4-9A1A-BCCCD731F924}"
EndProject
Global
	GlobalSection(SolutionConfigurationPlatforms) = preSolution
		Debug|Any CPU = Debug|Any CPU
		Release|Any CPU = Release|Any CPU
	EndGlobalSection
	GlobalSection(ProjectConfigurationPlatforms) = postSolution
		{EBF7BBF9-0C9E-46B4-9A1A-BCCCD731F924}.Debug|Any CPU.ActiveCfg = Debug|Any CPU
		{EBF7BBF9-0C9E-46B4-9A1A-BCCCD731F924}.Debug|Any CPU.Build.0 = Debug|Any CPU
		{EBF7BBF9-0C9E-46B4-9A1A-BCCCD731F924}.Release|Any CPU.ActiveCfg = Release|Any CPU
		{EBF7BBF9-0C9E-46B4-9A1A-BCCCD731F924}.Release|Any CPU.Build.0 = Release|Any CPU
	EndGlobalSection
	GlobalSection(SolutionProperties) = preSolution
		HideSolutionNode = FALSE
	EndGlobalSection
	GlobalSection(ExtensibilityGlobals) = postSolution
		SolutionGuid = {00249A28-6186-481E-B837-8DD69C2D5A0B}
	EndGlobalSection
EndGlobal
